// !$*UTF8*$!
{
	archiveVersion = 1;
	classes = {
	};
	objectVersion = 55;
	objects = {

/* Begin PBXBuildFile section */
		62B7D8D42881CA1900D564DE /* Item.swift in Sources */ = {isa = PBXBuildFile; fileRef = 62B7D8D32881CA1900D564DE /* Item.swift */; };
		62B7D8D62881CA3300D564DE /* Category.swift in Sources */ = {isa = PBXBuildFile; fileRef = 62B7D8D52881CA3300D564DE /* Category.swift */; };
		62B7D8D82881D32600D564DE /* SwipeTableViewController.swift in Sources */ = {isa = PBXBuildFile; fileRef = 62B7D8D72881D32600D564DE /* SwipeTableViewController.swift */; };
		62F5D7DE27ED8B4F003CC3FA /* AppDelegate.swift in Sources */ = {isa = PBXBuildFile; fileRef = 62F5D7DD27ED8B4F003CC3FA /* AppDelegate.swift */; };
		62F5D7E027ED8B4F003CC3FA /* SceneDelegate.swift in Sources */ = {isa = PBXBuildFile; fileRef = 62F5D7DF27ED8B4F003CC3FA /* SceneDelegate.swift */; };
		62F5D7E227ED8B4F003CC3FA /* TodoListViewController.swift in Sources */ = {isa = PBXBuildFile; fileRef = 62F5D7E127ED8B4F003CC3FA /* TodoListViewController.swift */; };
		62F5D7E527ED8B4F003CC3FA /* Main.storyboard in Resources */ = {isa = PBXBuildFile; fileRef = 62F5D7E327ED8B4F003CC3FA /* Main.storyboard */; };
		62F5D7E727ED8B58003CC3FA /* Assets.xcassets in Resources */ = {isa = PBXBuildFile; fileRef = 62F5D7E627ED8B58003CC3FA /* Assets.xcassets */; };
		62F5D7EA27ED8B58003CC3FA /* LaunchScreen.storyboard in Resources */ = {isa = PBXBuildFile; fileRef = 62F5D7E827ED8B58003CC3FA /* LaunchScreen.storyboard */; };
		62F5D7F327ED8C26003CC3FA /* CategoryViewController.swift in Sources */ = {isa = PBXBuildFile; fileRef = 62F5D7F227ED8C26003CC3FA /* CategoryViewController.swift */; };
		6D84A5618EB300CFE5DBDE7D /* Pods_TodoGo.framework in Frameworks */ = {isa = PBXBuildFile; fileRef = 44F4AAF8528BD9E2FBA94F8C /* Pods_TodoGo.framework */; };
/* End PBXBuildFile section */

/* Begin PBXFileReference section */
		44F4AAF8528BD9E2FBA94F8C /* Pods_TodoGo.framework */ = {isa = PBXFileReference; explicitFileType = wrapper.framework; includeInIndex = 0; path = Pods_TodoGo.framework; sourceTree = BUILT_PRODUCTS_DIR; };
		62B7D8D32881CA1900D564DE /* Item.swift */ = {isa = PBXFileReference; lastKnownFileType = sourcecode.swift; path = Item.swift; sourceTree = "<group>"; };
		62B7D8D52881CA3300D564DE /* Category.swift */ = {isa = PBXFileReference; lastKnownFileType = sourcecode.swift; path = Category.swift; sourceTree = "<group>"; };
		62B7D8D72881D32600D564DE /* SwipeTableViewController.swift */ = {isa = PBXFileReference; lastKnownFileType = sourcecode.swift; path = SwipeTableViewController.swift; sourceTree = "<group>"; };
		62F5D7DA27ED8B4F003CC3FA /* TodoGo.app */ = {isa = PBXFileReference; explicitFileType = wrapper.application; includeInIndex = 0; path = TodoGo.app; sourceTree = BUILT_PRODUCTS_DIR; };
		62F5D7DD27ED8B4F003CC3FA /* AppDelegate.swift */ = {isa = PBXFileReference; lastKnownFileType = sourcecode.swift; path = AppDelegate.swift; sourceTree = "<group>"; };
		62F5D7DF27ED8B4F003CC3FA /* SceneDelegate.swift */ = {isa = PBXFileReference; lastKnownFileType = sourcecode.swift; path = SceneDelegate.swift; sourceTree = "<group>"; };
		62F5D7E127ED8B4F003CC3FA /* TodoListViewController.swift */ = {isa = PBXFileReference; lastKnownFileType = sourcecode.swift; path = TodoListViewController.swift; sourceTree = "<group>"; };
		62F5D7E427ED8B4F003CC3FA /* Base */ = {isa = PBXFileReference; lastKnownFileType = file.storyboard; name = Base; path = Base.lproj/Main.storyboard; sourceTree = "<group>"; };
		62F5D7E627ED8B58003CC3FA /* Assets.xcassets */ = {isa = PBXFileReference; lastKnownFileType = folder.assetcatalog; path = Assets.xcassets; sourceTree = "<group>"; };
		62F5D7E927ED8B58003CC3FA /* Base */ = {isa = PBXFileReference; lastKnownFileType = file.storyboard; name = Base; path = Base.lproj/LaunchScreen.storyboard; sourceTree = "<group>"; };
		62F5D7EB27ED8B58003CC3FA /* Info.plist */ = {isa = PBXFileReference; lastKnownFileType = text.plist.xml; path = Info.plist; sourceTree = "<group>"; };
		62F5D7F227ED8C26003CC3FA /* CategoryViewController.swift */ = {isa = PBXFileReference; lastKnownFileType = sourcecode.swift; path = CategoryViewController.swift; sourceTree = "<group>"; };
		6D4A87A5F88610E60D5DF531 /* Pods-TodoGo.debug.xcconfig */ = {isa = PBXFileReference; includeInIndex = 1; lastKnownFileType = text.xcconfig; name = "Pods-TodoGo.debug.xcconfig"; path = "Target Support Files/Pods-TodoGo/Pods-TodoGo.debug.xcconfig"; sourceTree = "<group>"; };
		F6F31BABBCE36C4D27C821FD /* Pods-TodoGo.release.xcconfig */ = {isa = PBXFileReference; includeInIndex = 1; lastKnownFileType = text.xcconfig; name = "Pods-TodoGo.release.xcconfig"; path = "Target Support Files/Pods-TodoGo/Pods-TodoGo.release.xcconfig"; sourceTree = "<group>"; };
/* End PBXFileReference section */

/* Begin PBXFrameworksBuildPhase section */
		62F5D7D727ED8B4F003CC3FA /* Frameworks */ = {
			isa = PBXFrameworksBuildPhase;
			buildActionMask = 2147483647;
			files = (
				6D84A5618EB300CFE5DBDE7D /* Pods_TodoGo.framework in Frameworks */,
			);
			runOnlyForDeploymentPostprocessing = 0;
		};
/* End PBXFrameworksBuildPhase section */

/* Begin PBXGroup section */
		370CC2EB7E00FE0D282E23AB /* Pods */ = {
			isa = PBXGroup;
			children = (
				6D4A87A5F88610E60D5DF531 /* Pods-TodoGo.debug.xcconfig */,
				F6F31BABBCE36C4D27C821FD /* Pods-TodoGo.release.xcconfig */,
			);
			path = Pods;
			sourceTree = "<group>";
		};
		62B7D8D22881C9F900D564DE /* Data Model */ = {
			isa = PBXGroup;
			children = (
				62B7D8D32881CA1900D564DE /* Item.swift */,
				62B7D8D52881CA3300D564DE /* Category.swift */,
			);
			path = "Data Model";
			sourceTree = "<group>";
		};
		62F5D7D127ED8B4F003CC3FA = {
			isa = PBXGroup;
			children = (
				62F5D7DC27ED8B4F003CC3FA /* TodoGo */,
				62F5D7DB27ED8B4F003CC3FA /* Products */,
				370CC2EB7E00FE0D282E23AB /* Pods */,
				C979EBE479F36ADE3EF02EDE /* Frameworks */,
			);
			sourceTree = "<group>";
		};
		62F5D7DB27ED8B4F003CC3FA /* Products */ = {
			isa = PBXGroup;
			children = (
				62F5D7DA27ED8B4F003CC3FA /* TodoGo.app */,
			);
			name = Products;
			sourceTree = "<group>";
		};
		62F5D7DC27ED8B4F003CC3FA /* TodoGo */ = {
			isa = PBXGroup;
			children = (
				62F5D7DD27ED8B4F003CC3FA /* AppDelegate.swift */,
				62F5D7E627ED8B58003CC3FA /* Assets.xcassets */,
				62F5D7F127ED8BF3003CC3FA /* Controllers */,
				62B7D8D22881C9F900D564DE /* Data Model */,
				62F5D7EB27ED8B58003CC3FA /* Info.plist */,
				62F5D7E827ED8B58003CC3FA /* LaunchScreen.storyboard */,
				62F5D7E327ED8B4F003CC3FA /* Main.storyboard */,
				62F5D7DF27ED8B4F003CC3FA /* SceneDelegate.swift */,
			);
			path = TodoGo;
			sourceTree = "<group>";
		};
		62F5D7F127ED8BF3003CC3FA /* Controllers */ = {
			isa = PBXGroup;
			children = (
				62F5D7E127ED8B4F003CC3FA /* TodoListViewController.swift */,
				62F5D7F227ED8C26003CC3FA /* CategoryViewController.swift */,
				62B7D8D72881D32600D564DE /* SwipeTableViewController.swift */,
			);
			path = Controllers;
			sourceTree = "<group>";
		};
		C979EBE479F36ADE3EF02EDE /* Frameworks */ = {
			isa = PBXGroup;
			children = (
				44F4AAF8528BD9E2FBA94F8C /* Pods_TodoGo.framework */,
			);
			name = Frameworks;
			sourceTree = "<group>";
		};
/* End PBXGroup section */

/* Begin PBXNativeTarget section */
		62F5D7D927ED8B4F003CC3FA /* TodoGo */ = {
			isa = PBXNativeTarget;
			buildConfigurationList = 62F5D7EE27ED8B58003CC3FA /* Build configuration list for PBXNativeTarget "TodoGo" */;
			buildPhases = (
				A106C865277ECB3EB260A22A /* [CP] Check Pods Manifest.lock */,
				62F5D7D627ED8B4F003CC3FA /* Sources */,
				62F5D7D727ED8B4F003CC3FA /* Frameworks */,
				62F5D7D827ED8B4F003CC3FA /* Resources */,
				6D35931D6B61AB8098C3EEE2 /* [CP] Embed Pods Frameworks */,
			);
			buildRules = (
			);
			dependencies = (
			);
			name = TodoGo;
			productName = TodoGo;
			productReference = 62F5D7DA27ED8B4F003CC3FA /* TodoGo.app */;
			productType = "com.apple.product-type.application";
		};
/* End PBXNativeTarget section */

/* Begin PBXProject section */
		62F5D7D227ED8B4F003CC3FA /* Project object */ = {
			isa = PBXProject;
			attributes = {
				BuildIndependentTargetsInParallel = 1;
				LastSwiftUpdateCheck = 1300;
				LastUpgradeCheck = 1300;
				TargetAttributes = {
					62F5D7D927ED8B4F003CC3FA = {
						CreatedOnToolsVersion = 13.0;
					};
				};
			};
			buildConfigurationList = 62F5D7D527ED8B4F003CC3FA /* Build configuration list for PBXProject "TodoGo" */;
			compatibilityVersion = "Xcode 13.0";
			developmentRegion = en;
			hasScannedForEncodings = 0;
			knownRegions = (
				en,
				Base,
			);
			mainGroup = 62F5D7D127ED8B4F003CC3FA;
			productRefGroup = 62F5D7DB27ED8B4F003CC3FA /* Products */;
			projectDirPath = "";
			projectRoot = "";
			targets = (
				62F5D7D927ED8B4F003CC3FA /* TodoGo */,
			);
		};
/* End PBXProject section */

/* Begin PBXResourcesBuildPhase section */
		62F5D7D827ED8B4F003CC3FA /* Resources */ = {
			isa = PBXResourcesBuildPhase;
			buildActionMask = 2147483647;
			files = (
				62F5D7EA27ED8B58003CC3FA /* LaunchScreen.storyboard in Resources */,
				62F5D7E727ED8B58003CC3FA /* Assets.xcassets in Resources */,
				62F5D7E527ED8B4F003CC3FA /* Main.storyboard in Resources */,
			);
			runOnlyForDeploymentPostprocessing = 0;
		};
/* End PBXResourcesBuildPhase section */

/* Begin PBXShellScriptBuildPhase section */
		6D35931D6B61AB8098C3EEE2 /* [CP] Embed Pods Frameworks */ = {
			isa = PBXShellScriptBuildPhase;
			buildActionMask = 2147483647;
			files = (
			);
			inputFileListPaths = (
				"${PODS_ROOT}/Target Support Files/Pods-TodoGo/Pods-TodoGo-frameworks-${CONFIGURATION}-input-files.xcfilelist",
			);
			name = "[CP] Embed Pods Frameworks";
			outputFileListPaths = (
				"${PODS_ROOT}/Target Support Files/Pods-TodoGo/Pods-TodoGo-frameworks-${CONFIGURATION}-output-files.xcfilelist",
			);
			runOnlyForDeploymentPostprocessing = 0;
			shellPath = /bin/sh;
			shellScript = "\"${PODS_ROOT}/Target Support Files/Pods-TodoGo/Pods-TodoGo-frameworks.sh\"\n";
			showEnvVarsInLog = 0;
		};
		A106C865277ECB3EB260A22A /* [CP] Check Pods Manifest.lock */ = {
			isa = PBXShellScriptBuildPhase;
			buildActionMask = 2147483647;
			files = (
			);
			inputFileListPaths = (
			);
			inputPaths = (
				"${PODS_PODFILE_DIR_PATH}/Podfile.lock",
				"${PODS_ROOT}/Manifest.lock",
			);
			name = "[CP] Check Pods Manifest.lock";
			outputFileListPaths = (
			);
			outputPaths = (
				"$(DERIVED_FILE_DIR)/Pods-TodoGo-checkManifestLockResult.txt",
			);
			runOnlyForDeploymentPostprocessing = 0;
			shellPath = /bin/sh;
			shellScript = "diff \"${PODS_PODFILE_DIR_PATH}/Podfile.lock\" \"${PODS_ROOT}/Manifest.lock\" > /dev/null\nif [ $? != 0 ] ; then\n    # print error to STDERR\n    echo \"error: The sandbox is not in sync with the Podfile.lock. Run 'pod install' or update your CocoaPods installation.\" >&2\n    exit 1\nfi\n# This output is used by Xcode 'outputs' to avoid re-running this script phase.\necho \"SUCCESS\" > \"${SCRIPT_OUTPUT_FILE_0}\"\n";
			showEnvVarsInLog = 0;
		};
/* End PBXShellScriptBuildPhase section */

/* Begin PBXSourcesBuildPhase section */
		62F5D7D627ED8B4F003CC3FA /* Sources */ = {
			isa = PBXSourcesBuildPhase;
			buildActionMask = 2147483647;
			files = (
				62B7D8D42881CA1900D564DE /* Item.swift in Sources */,
				62F5D7F327ED8C26003CC3FA /* CategoryViewController.swift in Sources */,
				62F5D7E227ED8B4F003CC3FA /* TodoListViewController.swift in Sources */,
				62B7D8D82881D32600D564DE /* SwipeTableViewController.swift in Sources */,
				62F5D7DE27ED8B4F003CC3FA /* AppDelegate.swift in Sources */,
				62F5D7E027ED8B4F003CC3FA /* SceneDelegate.swift in Sources */,
				62B7D8D62881CA3300D564DE /* Category.swift in Sources */,
			);
			runOnlyForDeploymentPostprocessing = 0;
		};
/* End PBXSourcesBuildPhase section */

/* Begin PBXVariantGroup section */
		62F5D7E327ED8B4F003CC3FA /* Main.storyboard */ = {
			isa = PBXVariantGroup;
			children = (
				62F5D7E427ED8B4F003CC3FA /* Base */,
			);
			name = Main.storyboard;
			sourceTree = "<group>";
		};
		62F5D7E827ED8B58003CC3FA /* LaunchScreen.storyboard */ = {
			isa = PBXVariantGroup;
			children = (
				62F5D7E927ED8B58003CC3FA /* Base */,
			);
			name = LaunchScreen.storyboard;
			sourceTree = "<group>";
		};
/* End PBXVariantGroup section */

/* Begin XCBuildConfiguration section */
		62F5D7EC27ED8B58003CC3FA /* Debug */ = {
			isa = XCBuildConfiguration;
			buildSettings = {
				ALWAYS_SEARCH_USER_PATHS = NO;
				CLANG_ANALYZER_NONNULL = YES;
				CLANG_ANALYZER_NUMBER_OBJECT_CONVERSION = YES_AGGRESSIVE;
				CLANG_CXX_LANGUAGE_STANDARD = "gnu++17";
				CLANG_CXX_LIBRARY = "libc++";
				CLANG_ENABLE_MODULES = YES;
				CLANG_ENABLE_OBJC_ARC = YES;
				CLANG_ENABLE_OBJC_WEAK = YES;
				CLANG_WARN_BLOCK_CAPTURE_AUTORELEASING = YES;
				CLANG_WARN_BOOL_CONVERSION = YES;
				CLANG_WARN_COMMA = YES;
				CLANG_WARN_CONSTANT_CONVERSION = YES;
				CLANG_WARN_DEPRECATED_OBJC_IMPLEMENTATIONS = YES;
				CLANG_WARN_DIRECT_OBJC_ISA_USAGE = YES_ERROR;
				CLANG_WARN_DOCUMENTATION_COMMENTS = YES;
				CLANG_WARN_EMPTY_BODY = YES;
				CLANG_WARN_ENUM_CONVERSION = YES;
				CLANG_WARN_INFINITE_RECURSION = YES;
				CLANG_WARN_INT_CONVERSION = YES;
				CLANG_WARN_NON_LITERAL_NULL_CONVERSION = YES;
				CLANG_WARN_OBJC_IMPLICIT_RETAIN_SELF = YES;
				CLANG_WARN_OBJC_LITERAL_CONVERSION = YES;
				CLANG_WARN_OBJC_ROOT_CLASS = YES_ERROR;
				CLANG_WARN_QUOTED_INCLUDE_IN_FRAMEWORK_HEADER = YES;
				CLANG_WARN_RANGE_LOOP_ANALYSIS = YES;
				CLANG_WARN_STRICT_PROTOTYPES = YES;
				CLANG_WARN_SUSPICIOUS_MOVE = YES;
				CLANG_WARN_UNGUARDED_AVAILABILITY = YES_AGGRESSIVE;
				CLANG_WARN_UNREACHABLE_CODE = YES;
				CLANG_WARN__DUPLICATE_METHOD_MATCH = YES;
				COPY_PHASE_STRIP = NO;
				DEBUG_INFORMATION_FORMAT = dwarf;
				ENABLE_STRICT_OBJC_MSGSEND = YES;
				ENABLE_TESTABILITY = YES;
				GCC_C_LANGUAGE_STANDARD = gnu11;
				GCC_DYNAMIC_NO_PIC = NO;
				GCC_NO_COMMON_BLOCKS = YES;
				GCC_OPTIMIZATION_LEVEL = 0;
				GCC_PREPROCESSOR_DEFINITIONS = (
					"DEBUG=1",
					"$(inherited)",
				);
				GCC_WARN_64_TO_32_BIT_CONVERSION = YES;
				GCC_WARN_ABOUT_RETURN_TYPE = YES_ERROR;
				GCC_WARN_UNDECLARED_SELECTOR = YES;
				GCC_WARN_UNINITIALIZED_AUTOS = YES_AGGRESSIVE;
				GCC_WARN_UNUSED_FUNCTION = YES;
				GCC_WARN_UNUSED_VARIABLE = YES;
				IPHONEOS_DEPLOYMENT_TARGET = 15.0;
				MTL_ENABLE_DEBUG_INFO = INCLUDE_SOURCE;
				MTL_FAST_MATH = YES;
				ONLY_ACTIVE_ARCH = YES;
				SDKROOT = iphoneos;
				SWIFT_ACTIVE_COMPILATION_CONDITIONS = DEBUG;
				SWIFT_OPTIMIZATION_LEVEL = "-Onone";
			};
			name = Debug;
		};
		62F5D7ED27ED8B58003CC3FA /* Release */ = {
			isa = XCBuildConfiguration;
			buildSettings = {
				ALWAYS_SEARCH_USER_PATHS = NO;
				CLANG_ANALYZER_NONNULL = YES;
				CLANG_ANALYZER_NUMBER_OBJECT_CONVERSION = YES_AGGRESSIVE;
				CLANG_CXX_LANGUAGE_STANDARD = "gnu++17";
				CLANG_CXX_LIBRARY = "libc++";
				CLANG_ENABLE_MODULES = YES;
				CLANG_ENABLE_OBJC_ARC = YES;
				CLANG_ENABLE_OBJC_WEAK = YES;
				CLANG_WARN_BLOCK_CAPTURE_AUTORELEASING = YES;
				CLANG_WARN_BOOL_CONVERSION = YES;
				CLANG_WARN_COMMA = YES;
				CLANG_WARN_CONSTANT_CONVERSION = YES;
				CLANG_WARN_DEPRECATED_OBJC_IMPLEMENTATIONS = YES;
				CLANG_WARN_DIRECT_OBJC_ISA_USAGE = YES_ERROR;
				CLANG_WARN_DOCUMENTATION_COMMENTS = YES;
				CLANG_WARN_EMPTY_BODY = YES;
				CLANG_WARN_ENUM_CONVERSION = YES;
				CLANG_WARN_INFINITE_RECURSION = YES;
				CLANG_WARN_INT_CONVERSION = YES;
				CLANG_WARN_NON_LITERAL_NULL_CONVERSION = YES;
				CLANG_WARN_OBJC_IMPLICIT_RETAIN_SELF = YES;
				CLANG_WARN_OBJC_LITERAL_CONVERSION = YES;
				CLANG_WARN_OBJC_ROOT_CLASS = YES_ERROR;
				CLANG_WARN_QUOTED_INCLUDE_IN_FRAMEWORK_HEADER = YES;
				CLANG_WARN_RANGE_LOOP_ANALYSIS = YES;
				CLANG_WARN_STRICT_PROTOTYPES = YES;
				CLANG_WARN_SUSPICIOUS_MOVE = YES;
				CLANG_WARN_UNGUARDED_AVAILABILITY = YES_AGGRESSIVE;
				CLANG_WARN_UNREACHABLE_CODE = YES;
				CLANG_WARN__DUPLICATE_METHOD_MATCH = YES;
				COPY_PHASE_STRIP = NO;
				DEBUG_INFORMATION_FORMAT = "dwarf-with-dsym";
				ENABLE_NS_ASSERTIONS = NO;
				ENABLE_STRICT_OBJC_MSGSEND = YES;
				GCC_C_LANGUAGE_STANDARD = gnu11;
				GCC_NO_COMMON_BLOCKS = YES;
				GCC_WARN_64_TO_32_BIT_CONVERSION = YES;
				GCC_WARN_ABOUT_RETURN_TYPE = YES_ERROR;
				GCC_WARN_UNDECLARED_SELECTOR = YES;
				GCC_WARN_UNINITIALIZED_AUTOS = YES_AGGRESSIVE;
				GCC_WARN_UNUSED_FUNCTION = YES;
				GCC_WARN_UNUSED_VARIABLE = YES;
				IPHONEOS_DEPLOYMENT_TARGET = 15.0;
				MTL_ENABLE_DEBUG_INFO = NO;
				MTL_FAST_MATH = YES;
				SDKROOT = iphoneos;
				SWIFT_COMPILATION_MODE = wholemodule;
				SWIFT_OPTIMIZATION_LEVEL = "-O";
				VALIDATE_PRODUCT = YES;
			};
			name = Release;
		};
		62F5D7EF27ED8B58003CC3FA /* Debug */ = {
			isa = XCBuildConfiguration;
			baseConfigurationReference = 6D4A87A5F88610E60D5DF531 /* Pods-TodoGo.debug.xcconfig */;
			buildSettings = {
				ASSETCATALOG_COMPILER_APPICON_NAME = AppIcon;
				ASSETCATALOG_COMPILER_GLOBAL_ACCENT_COLOR_NAME = AccentColor;
				CODE_SIGN_STYLE = Automatic;
				CURRENT_PROJECT_VERSION = 1;
				DEVELOPMENT_TEAM = UTDRNA569G;
				GENERATE_INFOPLIST_FILE = YES;
				INFOPLIST_FILE = TodoGo/Info.plist;
				INFOPLIST_KEY_UIApplicationSupportsIndirectInputEvents = YES;
				INFOPLIST_KEY_UILaunchStoryboardName = LaunchScreen;
				INFOPLIST_KEY_UIMainStoryboardFile = Main;
				INFOPLIST_KEY_UISupportedInterfaceOrientations_iPad = "UIInterfaceOrientationPortrait UIInterfaceOrientationPortraitUpsideDown UIInterfaceOrientationLandscapeLeft UIInterfaceOrientationLandscapeRight";
				INFOPLIST_KEY_UISupportedInterfaceOrientations_iPhone = "UIInterfaceOrientationPortrait UIInterfaceOrientationLandscapeLeft UIInterfaceOrientationLandscapeRight";
				LD_RUNPATH_SEARCH_PATHS = (
					"$(inherited)",
					"@executable_path/Frameworks",
				);
				MARKETING_VERSION = 1.0;
				PRODUCT_BUNDLE_IDENTIFIER = baiaskhat.application.TodoGo;
				PRODUCT_NAME = "$(TARGET_NAME)";
				SWIFT_EMIT_LOC_STRINGS = YES;
				SWIFT_VERSION = 5.0;
				TARGETED_DEVICE_FAMILY = 1;
			};
			name = Debug;
		};
		62F5D7F027ED8B58003CC3FA /* Release */ = {
			isa = XCBuildConfiguration;
			baseConfigurationReference = F6F31BABBCE36C4D27C821FD /* Pods-TodoGo.release.xcconfig */;
			buildSettings = {
				ASSETCATALOG_COMPILER_APPICON_NAME = AppIcon;
				ASSETCATALOG_COMPILER_GLOBAL_ACCENT_COLOR_NAME = AccentColor;
				CODE_SIGN_STYLE = Automatic;
				CURRENT_PROJECT_VERSION = 1;
				DEVELOPMENT_TEAM = UTDRNA569G;
				GENERATE_INFOPLIST_FILE = YES;
				INFOPLIST_FILE = TodoGo/Info.plist;
				INFOPLIST_KEY_UIApplicationSupportsIndirectInputEvents = YES;
				INFOPLIST_KEY_UILaunchStoryboardName = LaunchScreen;
				INFOPLIST_KEY_UIMainStoryboardFile = Main;
				INFOPLIST_KEY_UISupportedInterfaceOrientations_iPad = "UIInterfaceOrientationPortrait UIInterfaceOrientationPortraitUpsideDown UIInterfaceOrientationLandscapeLeft UIInterfaceOrientationLandscapeRight";
				INFOPLIST_KEY_UISupportedInterfaceOrientations_iPhone = "UIInterfaceOrientationPortrait UIInterfaceOrientationLandscapeLeft UIInterfaceOrientationLandscapeRight";
				LD_RUNPATH_SEARCH_PATHS = (
					"$(inherited)",
					"@executable_path/Frameworks",
				);
				MARKETING_VERSION = 1.0;
				PRODUCT_BUNDLE_IDENTIFIER = baiaskhat.application.TodoGo;
				PRODUCT_NAME = "$(TARGET_NAME)";
				SWIFT_EMIT_LOC_STRINGS = YES;
				SWIFT_VERSION = 5.0;
				TARGETED_DEVICE_FAMILY = 1;
			};
			name = Release;
		};
/* End XCBuildConfiguration section */

/* Begin XCConfigurationList section */
		62F5D7D527ED8B4F003CC3FA /* Build configuration list for PBXProject "TodoGo" */ = {
			isa = XCConfigurationList;
			buildConfigurations = (
				62F5D7EC27ED8B58003CC3FA /* Debug */,
				62F5D7ED27ED8B58003CC3FA /* Release */,
			);
			defaultConfigurationIsVisible = 0;
			defaultConfigurationName = Release;
		};
		62F5D7EE27ED8B58003CC3FA /* Build configuration list for PBXNativeTarget "TodoGo" */ = {
			isa = XCConfigurationList;
			buildConfigurations = (
				62F5D7EF27ED8B58003CC3FA /* Debug */,
				62F5D7F027ED8B58003CC3FA /* Release */,
			);
			defaultConfigurationIsVisible = 0;
			defaultConfigurationName = Release;
		};
/* End XCConfigurationList section */
	};
	rootObject = 62F5D7D227ED8B4F003CC3FA /* Project object */;
}
